
Microsoft Visual Studio Solution File, Format Version 12.00
# Visual Studio Version 16
VisualStudioVersion = 16.0.30114.105
MinimumVisualStudioVersion = 10.0.40219.1
Project("{FAE04EC0-301F-11D3-BF4B-00C04F79EFBC}") = "3.1", "3.1\3.1.csproj", "{A204A7DE-A6D6-43FA-A5D7-D69714186B5D}"
EndProject
Global
	GlobalSection(SolutionConfigurationPlatforms) = preSolution
		Debug|Any CPU = Debug|Any CPU
		Release|Any CPU = Release|Any CPU
	EndGlobalSection
	GlobalSection(ProjectConfigurationPlatforms) = postSolution
		{A204A7DE-A6D6-43FA-A5D7-D69714186B5D}.Debug|Any CPU.ActiveCfg = Debug|Any CPU
		{A204A7DE-A6D6-43FA-A5D7-D69714186B5D}.Debug|Any CPU.Build.0 = Debug|Any CPU
		{A204A7DE-A6D6-43FA-A5D7-D69714186B5D}.Release|Any CPU.ActiveCfg = Release|Any CPU
		{A204A7DE-A6D6-43FA-A5D7-D69714186B5D}.Release|Any CPU.Build.0 = Release|Any CPU
	EndGlobalSection
	GlobalSection(SolutionProperties) = preSolution
		HideSolutionNode = FALSE
	EndGlobalSection
	GlobalSection(ExtensibilityGlobals) = postSolution
		SolutionGuid = {1AB04A6B-EB40-446F-91D1-699556913046}
	EndGlobalSection
EndGlobal
